
Microsoft Visual Studio Solution File, Format Version 12.00
# Visual Studio Version 17
VisualStudioVersion = 17.7.34031.279
MinimumVisualStudioVersion = 10.0.40219.1
Project("{9A19103F-16F7-4668-BE54-9A1E7A4F7556}") = "users-api", "users-api\users-api.csproj", "{EFD378B4-43DE-44D3-8A85-5D63918C2CFB}"
EndProject
Project("{9A19103F-16F7-4668-BE54-9A1E7A4F7556}") = "users-api.DAL", "users-api.DAL\users-api.DAL.csproj", "{33CD9AF6-979B-46E4-9370-1BE2C4128927}"
EndProject
Project("{9A19103F-16F7-4668-BE54-9A1E7A4F7556}") = "users-api.BLL", "users-api.BLL\users-api.BLL.csproj", "{F82C30B1-C954-4759-A1A6-C6BFB34D812E}"
EndProject
Project("{9A19103F-16F7-4668-BE54-9A1E7A4F7556}") = "Contracts", "Contracts\Contracts.csproj", "{D1F8383A-263A-4A73-86BA-BE6A3034437B}"
EndProject
Project("{9A19103F-16F7-4668-BE54-9A1E7A4F7556}") = "Entities", "Entities\Entities.csproj", "{5B5654FE-59D2-43F1-A07D-3DDF92DEC00D}"
EndProject
Global
	GlobalSection(SolutionConfigurationPlatforms) = preSolution
		Debug|Any CPU = Debug|Any CPU
		Release|Any CPU = Release|Any CPU
	EndGlobalSection
	GlobalSection(ProjectConfigurationPlatforms) = postSolution
		{EFD378B4-43DE-44D3-8A85-5D63918C2CFB}.Debug|Any CPU.ActiveCfg = Debug|Any CPU
		{EFD378B4-43DE-44D3-8A85-5D63918C2CFB}.Debug|Any CPU.Build.0 = Debug|Any CPU
		{EFD378B4-43DE-44D3-8A85-5D63918C2CFB}.Release|Any CPU.ActiveCfg = Release|Any CPU
		{EFD378B4-43DE-44D3-8A85-5D63918C2CFB}.Release|Any CPU.Build.0 = Release|Any CPU
		{33CD9AF6-979B-46E4-9370-1BE2C4128927}.Debug|Any CPU.ActiveCfg = Debug|Any CPU
		{33CD9AF6-979B-46E4-9370-1BE2C4128927}.Debug|Any CPU.Build.0 = Debug|Any CPU
		{33CD9AF6-979B-46E4-9370-1BE2C4128927}.Release|Any CPU.ActiveCfg = Release|Any CPU
		{33CD9AF6-979B-46E4-9370-1BE2C4128927}.Release|Any CPU.Build.0 = Release|Any CPU
		{F82C30B1-C954-4759-A1A6-C6BFB34D812E}.Debug|Any CPU.ActiveCfg = Debug|Any CPU
		{F82C30B1-C954-4759-A1A6-C6BFB34D812E}.Debug|Any CPU.Build.0 = Debug|Any CPU
		{F82C30B1-C954-4759-A1A6-C6BFB34D812E}.Release|Any CPU.ActiveCfg = Release|Any CPU
		{F82C30B1-C954-4759-A1A6-C6BFB34D812E}.Release|Any CPU.Build.0 = Release|Any CPU
		{D1F8383A-263A-4A73-86BA-BE6A3034437B}.Debug|Any CPU.ActiveCfg = Debug|Any CPU
		{D1F8383A-263A-4A73-86BA-BE6A3034437B}.Debug|Any CPU.Build.0 = Debug|Any CPU
		{D1F8383A-263A-4A73-86BA-BE6A3034437B}.Release|Any CPU.ActiveCfg = Release|Any CPU
		{D1F8383A-263A-4A73-86BA-BE6A3034437B}.Release|Any CPU.Build.0 = Release|Any CPU
		{5B5654FE-59D2-43F1-A07D-3DDF92DEC00D}.Debug|Any CPU.ActiveCfg = Debug|Any CPU
		{5B5654FE-59D2-43F1-A07D-3DDF92DEC00D}.Debug|Any CPU.Build.0 = Debug|Any CPU
		{5B5654FE-59D2-43F1-A07D-3DDF92DEC00D}.Release|Any CPU.ActiveCfg = Release|Any CPU
		{5B5654FE-59D2-43F1-A07D-3DDF92DEC00D}.Release|Any CPU.Build.0 = Release|Any CPU
	EndGlobalSection
	GlobalSection(SolutionProperties) = preSolution
		HideSolutionNode = FALSE
	EndGlobalSection
	GlobalSection(ExtensibilityGlobals) = postSolution
		SolutionGuid = {A9B5EA59-B17C-4252-BA24-68116B4B016D}
	EndGlobalSection
EndGlobal
